
Microsoft Visual Studio Solution File, Format Version 12.00
# Visual Studio Version 17
VisualStudioVersion = 17.0.32014.148
MinimumVisualStudioVersion = 10.0.40219.1
Project("{FAE04EC0-301F-11D3-BF4B-00C04F79EFBC}") = "Tic-Tac-Toe", "Tic-Tac-Toe\Tic-Tac-Toe.csproj", "{935709FB-0959-41DC-9093-127153998486}"
EndProject
Global
	GlobalSection(SolutionConfigurationPlatforms) = preSolution
		Debug|Any CPU = Debug|Any CPU
		Release|Any CPU = Release|Any CPU
	EndGlobalSection
	GlobalSection(ProjectConfigurationPlatforms) = postSolution
		{935709FB-0959-41DC-9093-127153998486}.Debug|Any CPU.ActiveCfg = Debug|Any CPU
		{935709FB-0959-41DC-9093-127153998486}.Debug|Any CPU.Build.0 = Debug|Any CPU
		{935709FB-0959-41DC-9093-127153998486}.Release|Any CPU.ActiveCfg = Release|Any CPU
		{935709FB-0959-41DC-9093-127153998486}.Release|Any CPU.Build.0 = Release|Any CPU
	EndGlobalSection
	GlobalSection(SolutionProperties) = preSolution
		HideSolutionNode = FALSE
	EndGlobalSection
	GlobalSection(ExtensibilityGlobals) = postSolution
		SolutionGuid = {09EF90F0-080C-46C8-B523-AC724EE9D996}
	EndGlobalSection
EndGlobal
